
Microsoft Visual Studio Solution File, Format Version 12.00
Project("{FAE04EC0-301F-11D3-BF4B-00C04F79EFBC}") = "PzomPatch", "PzomPatch\PzomPatch.csproj", "{74B3516B-9A21-49F9-B032-A153877B01EB}"
EndProject
Global
	GlobalSection(SolutionConfigurationPlatforms) = preSolution
		Debug|Any CPU = Debug|Any CPU
		Release|Any CPU = Release|Any CPU
	EndGlobalSection
	GlobalSection(ProjectConfigurationPlatforms) = postSolution
		{74B3516B-9A21-49F9-B032-A153877B01EB}.Debug|Any CPU.ActiveCfg = Debug|Any CPU
		{74B3516B-9A21-49F9-B032-A153877B01EB}.Debug|Any CPU.Build.0 = Debug|Any CPU
		{74B3516B-9A21-49F9-B032-A153877B01EB}.Release|Any CPU.ActiveCfg = Release|Any CPU
		{74B3516B-9A21-49F9-B032-A153877B01EB}.Release|Any CPU.Build.0 = Release|Any CPU
	EndGlobalSection
EndGlobal
